
Microsoft Visual Studio Solution File, Format Version 12.00
# Visual Studio Version 16
VisualStudioVersion = 16.0.29213.174
MinimumVisualStudioVersion = 10.0.40219.1
Project("{9A19103F-16F7-4668-BE54-9A1E7A4F7556}") = "Guit.Tests", "Guit.Tests\Guit.Tests.csproj", "{F8488C26-9FE3-41F6-8D64-0138FEFB9B0F}"
EndProject
Project("{9A19103F-16F7-4668-BE54-9A1E7A4F7556}") = "Guit", "Guit\Guit.csproj", "{4B3F76ED-F658-4104-B6BF-4A9C6130CEC8}"
EndProject
Project("{2150E333-8FDC-42A3-9474-1A3956D46DE8}") = "Solution Items", "Solution Items", "{1BDB0C47-A918-4E7F-988F-035C20F0FA0E}"
	ProjectSection(SolutionItems) = preProject
		..\azure-pipelines.yml = ..\azure-pipelines.yml
		Directory.Build.props = Directory.Build.props
		Directory.Build.targets = Directory.Build.targets
		GitInfo.txt = GitInfo.txt
		NuGet.Config = NuGet.Config
		..\README.md = ..\README.md
	EndProjectSection
EndProject
Project("{9A19103F-16F7-4668-BE54-9A1E7A4F7556}") = "Terminal.Gui", "..\gui.cs\Terminal.Gui\Terminal.Gui.csproj", "{7CE69697-3E39-4A4A-8334-68DF6EB2DC57}"
EndProject
Project("{9A19103F-16F7-4668-BE54-9A1E7A4F7556}") = "Guit.Core", "Guit.Core\Guit.Core.csproj", "{470E9743-6EF1-4771-A322-94F7583D62E0}"
EndProject
Project("{2150E333-8FDC-42A3-9474-1A3956D46DE8}") = "Plugins", "Plugins", "{2750D3F6-F482-49FE-9B4E-5B8D8B3F4DB8}"
	ProjectSection(SolutionItems) = preProject
		Plugins\Directory.Build.props = Plugins\Directory.Build.props
		Plugins\Directory.Build.targets = Plugins\Directory.Build.targets
	EndProjectSection
EndProject
Project("{9A19103F-16F7-4668-BE54-9A1E7A4F7556}") = "Guit.Changes", "Plugins\Guit.Changes\Guit.Changes.csproj", "{96AE1DA7-4309-4009-B6B7-179D5B474793}"
EndProject
Project("{9A19103F-16F7-4668-BE54-9A1E7A4F7556}") = "Guit.Log", "Plugins\Guit.Log\Guit.Log.csproj", "{3BB1E431-878D-401F-A076-F49492A45AEE}"
EndProject
Project("{9A19103F-16F7-4668-BE54-9A1E7A4F7556}") = "Guit.Sync", "Plugins\Guit.Sync\Guit.Sync.csproj", "{CAC536C9-C79E-4EFA-AAB5-CA7E81F70119}"
EndProject
Project("{9A19103F-16F7-4668-BE54-9A1E7A4F7556}") = "Guit.Open", "Plugins\Guit.Open\Guit.Open.csproj", "{E448AB68-712C-46F1-80E5-BE0A7278897C}"
EndProject
Project("{9A19103F-16F7-4668-BE54-9A1E7A4F7556}") = "Guit.CherryPicker", "Plugins\Guit.CherryPicker\Guit.CherryPicker.csproj", "{C20F3080-136A-4195-8A8F-AADB4B5AFA33}"
EndProject
Project("{9A19103F-16F7-4668-BE54-9A1E7A4F7556}") = "Guit.Help", "Plugins\Guit.Help\Guit.Help.csproj", "{387E5045-9B8A-4CDA-A56A-53197480EA1B}"
EndProject
Global
	GlobalSection(SolutionConfigurationPlatforms) = preSolution
		Debug|Any CPU = Debug|Any CPU
		Release|Any CPU = Release|Any CPU
	EndGlobalSection
	GlobalSection(ProjectConfigurationPlatforms) = postSolution
		{F8488C26-9FE3-41F6-8D64-0138FEFB9B0F}.Debug|Any CPU.ActiveCfg = Debug|Any CPU
		{F8488C26-9FE3-41F6-8D64-0138FEFB9B0F}.Debug|Any CPU.Build.0 = Debug|Any CPU
		{F8488C26-9FE3-41F6-8D64-0138FEFB9B0F}.Release|Any CPU.ActiveCfg = Release|Any CPU
		{F8488C26-9FE3-41F6-8D64-0138FEFB9B0F}.Release|Any CPU.Build.0 = Release|Any CPU
		{4B3F76ED-F658-4104-B6BF-4A9C6130CEC8}.Debug|Any CPU.ActiveCfg = Debug|Any CPU
		{4B3F76ED-F658-4104-B6BF-4A9C6130CEC8}.Debug|Any CPU.Build.0 = Debug|Any CPU
		{4B3F76ED-F658-4104-B6BF-4A9C6130CEC8}.Release|Any CPU.ActiveCfg = Release|Any CPU
		{4B3F76ED-F658-4104-B6BF-4A9C6130CEC8}.Release|Any CPU.Build.0 = Release|Any CPU
		{7CE69697-3E39-4A4A-8334-68DF6EB2DC57}.Debug|Any CPU.ActiveCfg = Debug|Any CPU
		{7CE69697-3E39-4A4A-8334-68DF6EB2DC57}.Debug|Any CPU.Build.0 = Debug|Any CPU
		{7CE69697-3E39-4A4A-8334-68DF6EB2DC57}.Release|Any CPU.ActiveCfg = Release|Any CPU
		{7CE69697-3E39-4A4A-8334-68DF6EB2DC57}.Release|Any CPU.Build.0 = Release|Any CPU
		{470E9743-6EF1-4771-A322-94F7583D62E0}.Debug|Any CPU.ActiveCfg = Debug|Any CPU
		{470E9743-6EF1-4771-A322-94F7583D62E0}.Debug|Any CPU.Build.0 = Debug|Any CPU
		{470E9743-6EF1-4771-A322-94F7583D62E0}.Release|Any CPU.ActiveCfg = Release|Any CPU
		{470E9743-6EF1-4771-A322-94F7583D62E0}.Release|Any CPU.Build.0 = Release|Any CPU
		{96AE1DA7-4309-4009-B6B7-179D5B474793}.Debug|Any CPU.ActiveCfg = Debug|Any CPU
		{96AE1DA7-4309-4009-B6B7-179D5B474793}.Debug|Any CPU.Build.0 = Debug|Any CPU
		{96AE1DA7-4309-4009-B6B7-179D5B474793}.Release|Any CPU.ActiveCfg = Release|Any CPU
		{96AE1DA7-4309-4009-B6B7-179D5B474793}.Release|Any CPU.Build.0 = Release|Any CPU
		{3BB1E431-878D-401F-A076-F49492A45AEE}.Debug|Any CPU.ActiveCfg = Debug|Any CPU
		{3BB1E431-878D-401F-A076-F49492A45AEE}.Debug|Any CPU.Build.0 = Debug|Any CPU
		{3BB1E431-878D-401F-A076-F49492A45AEE}.Release|Any CPU.ActiveCfg = Release|Any CPU
		{3BB1E431-878D-401F-A076-F49492A45AEE}.Release|Any CPU.Build.0 = Release|Any CPU
		{CAC536C9-C79E-4EFA-AAB5-CA7E81F70119}.Debug|Any CPU.ActiveCfg = Debug|Any CPU
		{CAC536C9-C79E-4EFA-AAB5-CA7E81F70119}.Debug|Any CPU.Build.0 = Debug|Any CPU
		{CAC536C9-C79E-4EFA-AAB5-CA7E81F70119}.Release|Any CPU.ActiveCfg = Release|Any CPU
		{CAC536C9-C79E-4EFA-AAB5-CA7E81F70119}.Release|Any CPU.Build.0 = Release|Any CPU
		{E448AB68-712C-46F1-80E5-BE0A7278897C}.Debug|Any CPU.ActiveCfg = Debug|Any CPU
		{E448AB68-712C-46F1-80E5-BE0A7278897C}.Debug|Any CPU.Build.0 = Debug|Any CPU
		{E448AB68-712C-46F1-80E5-BE0A7278897C}.Release|Any CPU.ActiveCfg = Release|Any CPU
		{E448AB68-712C-46F1-80E5-BE0A7278897C}.Release|Any CPU.Build.0 = Release|Any CPU
		{C20F3080-136A-4195-8A8F-AADB4B5AFA33}.Debug|Any CPU.ActiveCfg = Debug|Any CPU
		{C20F3080-136A-4195-8A8F-AADB4B5AFA33}.Debug|Any CPU.Build.0 = Debug|Any CPU
		{C20F3080-136A-4195-8A8F-AADB4B5AFA33}.Release|Any CPU.ActiveCfg = Release|Any CPU
		{C20F3080-136A-4195-8A8F-AADB4B5AFA33}.Release|Any CPU.Build.0 = Release|Any CPU
		{387E5045-9B8A-4CDA-A56A-53197480EA1B}.Debug|Any CPU.ActiveCfg = Debug|Any CPU
		{387E5045-9B8A-4CDA-A56A-53197480EA1B}.Debug|Any CPU.Build.0 = Debug|Any CPU
		{387E5045-9B8A-4CDA-A56A-53197480EA1B}.Release|Any CPU.ActiveCfg = Release|Any CPU
		{387E5045-9B8A-4CDA-A56A-53197480EA1B}.Release|Any CPU.Build.0 = Release|Any CPU
	EndGlobalSection
	GlobalSection(SolutionProperties) = preSolution
		HideSolutionNode = FALSE
	EndGlobalSection
	GlobalSection(NestedProjects) = preSolution
		{96AE1DA7-4309-4009-B6B7-179D5B474793} = {2750D3F6-F482-49FE-9B4E-5B8D8B3F4DB8}
		{3BB1E431-878D-401F-A076-F49492A45AEE} = {2750D3F6-F482-49FE-9B4E-5B8D8B3F4DB8}
		{CAC536C9-C79E-4EFA-AAB5-CA7E81F70119} = {2750D3F6-F482-49FE-9B4E-5B8D8B3F4DB8}
		{E448AB68-712C-46F1-80E5-BE0A7278897C} = {2750D3F6-F482-49FE-9B4E-5B8D8B3F4DB8}
		{C20F3080-136A-4195-8A8F-AADB4B5AFA33} = {2750D3F6-F482-49FE-9B4E-5B8D8B3F4DB8}
		{387E5045-9B8A-4CDA-A56A-53197480EA1B} = {2750D3F6-F482-49FE-9B4E-5B8D8B3F4DB8}
	EndGlobalSection
	GlobalSection(ExtensibilityGlobals) = postSolution
		SolutionGuid = {7CD07195-12C2-4DFF-B5DF-03C8F9FECF76}
	EndGlobalSection
EndGlobal
